
Microsoft Visual Studio Solution File, Format Version 12.00
# Visual Studio Version 17
VisualStudioVersion = 17.9.34723.18
MinimumVisualStudioVersion = 10.0.40219.1
Project("{FAE04EC0-301F-11D3-BF4B-00C04F79EFBC}") = "B64EncoderDecoder", "B64EncoderDecoder.csproj", "{068D5AE9-CC07-40ED-9DE0-82DB6706F48D}"
EndProject
Global
	GlobalSection(SolutionConfigurationPlatforms) = preSolution
		Debug|Any CPU = Debug|Any CPU
		Release|Any CPU = Release|Any CPU
	EndGlobalSection
	GlobalSection(ProjectConfigurationPlatforms) = postSolution
		{068D5AE9-CC07-40ED-9DE0-82DB6706F48D}.Debug|Any CPU.ActiveCfg = Debug|Any CPU
		{068D5AE9-CC07-40ED-9DE0-82DB6706F48D}.Debug|Any CPU.Build.0 = Debug|Any CPU
		{068D5AE9-CC07-40ED-9DE0-82DB6706F48D}.Release|Any CPU.ActiveCfg = Release|Any CPU
		{068D5AE9-CC07-40ED-9DE0-82DB6706F48D}.Release|Any CPU.Build.0 = Release|Any CPU
	EndGlobalSection
	GlobalSection(SolutionProperties) = preSolution
		HideSolutionNode = FALSE
	EndGlobalSection
	GlobalSection(ExtensibilityGlobals) = postSolution
		SolutionGuid = {366CA15C-D2E0-4C94-91BC-8C758DF53CD0}
	EndGlobalSection
EndGlobal
